// !$*UTF8*$!
{
	archiveVersion = 1;
	classes = {
	};
	objectVersion = 46;
	objects = {

/* Begin PBXBuildFile section */
		136736571EEAD1E900C3066F /* AppDelegate.swift in Sources */ = {isa = PBXBuildFile; fileRef = 136736561EEAD1E900C3066F /* AppDelegate.swift */; };
		136736591EEAD1E900C3066F /* ViewController.swift in Sources */ = {isa = PBXBuildFile; fileRef = 136736581EEAD1E900C3066F /* ViewController.swift */; };
		1367365C1EEAD1E900C3066F /* Main.storyboard in Resources */ = {isa = PBXBuildFile; fileRef = 1367365A1EEAD1E900C3066F /* Main.storyboard */; };
		1367365E1EEAD1E900C3066F /* Assets.xcassets in Resources */ = {isa = PBXBuildFile; fileRef = 1367365D1EEAD1E900C3066F /* Assets.xcassets */; };
		136736611EEAD1E900C3066F /* LaunchScreen.storyboard in Resources */ = {isa = PBXBuildFile; fileRef = 1367365F1EEAD1E900C3066F /* LaunchScreen.storyboard */; };
		1367366C1EEAD34300C3066F /* KVAlertView.swift in Sources */ = {isa = PBXBuildFile; fileRef = 1367366B1EEAD34300C3066F /* KVAlertView.swift */; };
		139545481EEFD53000D80B6B /* KVAlertView.xib in Resources */ = {isa = PBXBuildFile; fileRef = 139545471EEFD53000D80B6B /* KVAlertView.xib */; };
		13CB4CE11EEFF7E0001EB1AB /* AudioToolbox.framework in Frameworks */ = {isa = PBXBuildFile; fileRef = 13CB4CE01EEFF7E0001EB1AB /* AudioToolbox.framework */; };
/* End PBXBuildFile section */

/* Begin PBXFileReference section */
		136736531EEAD1E900C3066F /* KVAlertView.app */ = {isa = PBXFileReference; explicitFileType = wrapper.application; includeInIndex = 0; path = KVAlertView.app; sourceTree = BUILT_PRODUCTS_DIR; };
		136736561EEAD1E900C3066F /* AppDelegate.swift */ = {isa = PBXFileReference; lastKnownFileType = sourcecode.swift; path = AppDelegate.swift; sourceTree = "<group>"; };
		136736581EEAD1E900C3066F /* ViewController.swift */ = {isa = PBXFileReference; lastKnownFileType = sourcecode.swift; path = ViewController.swift; sourceTree = "<group>"; };
		1367365B1EEAD1E900C3066F /* Base */ = {isa = PBXFileReference; lastKnownFileType = file.storyboard; name = Base; path = Base.lproj/Main.storyboard; sourceTree = "<group>"; };
		1367365D1EEAD1E900C3066F /* Assets.xcassets */ = {isa = PBXFileReference; lastKnownFileType = folder.assetcatalog; path = Assets.xcassets; sourceTree = "<group>"; };
		136736601EEAD1E900C3066F /* Base */ = {isa = PBXFileReference; lastKnownFileType = file.storyboard; name = Base; path = Base.lproj/LaunchScreen.storyboard; sourceTree = "<group>"; };
		136736621EEAD1E900C3066F /* Info.plist */ = {isa = PBXFileReference; lastKnownFileType = text.plist.xml; path = Info.plist; sourceTree = "<group>"; };
		1367366B1EEAD34300C3066F /* KVAlertView.swift */ = {isa = PBXFileReference; fileEncoding = 4; lastKnownFileType = sourcecode.swift; path = KVAlertView.swift; sourceTree = "<group>"; };
		139545471EEFD53000D80B6B /* KVAlertView.xib */ = {isa = PBXFileReference; fileEncoding = 4; lastKnownFileType = file.xib; path = KVAlertView.xib; sourceTree = "<group>"; };
		13CB4CE01EEFF7E0001EB1AB /* AudioToolbox.framework */ = {isa = PBXFileReference; lastKnownFileType = wrapper.framework; name = AudioToolbox.framework; path = System/Library/Frameworks/AudioToolbox.framework; sourceTree = SDKROOT; };
/* End PBXFileReference section */

/* Begin PBXFrameworksBuildPhase section */
		136736501EEAD1E900C3066F /* Frameworks */ = {
			isa = PBXFrameworksBuildPhase;
			buildActionMask = 2147483647;
			files = (
				13CB4CE11EEFF7E0001EB1AB /* AudioToolbox.framework in Frameworks */,
			);
			runOnlyForDeploymentPostprocessing = 0;
		};
/* End PBXFrameworksBuildPhase section */

/* Begin PBXGroup section */
		1367364A1EEAD1E900C3066F = {
			isa = PBXGroup;
			children = (
				136736551EEAD1E900C3066F /* KVAlertView */,
				136736541EEAD1E900C3066F /* Products */,
				13CB4CDF1EEFF7E0001EB1AB /* Frameworks */,
			);
			sourceTree = "<group>";
		};
		136736541EEAD1E900C3066F /* Products */ = {
			isa = PBXGroup;
			children = (
				136736531EEAD1E900C3066F /* KVAlertView.app */,
			);
			name = Products;
			sourceTree = "<group>";
		};
		136736551EEAD1E900C3066F /* KVAlertView */ = {
			isa = PBXGroup;
			children = (
				136736681EEAD24A00C3066F /* AlertView */,
				136736561EEAD1E900C3066F /* AppDelegate.swift */,
				136736581EEAD1E900C3066F /* ViewController.swift */,
				1367365A1EEAD1E900C3066F /* Main.storyboard */,
				1367365D1EEAD1E900C3066F /* Assets.xcassets */,
				1367365F1EEAD1E900C3066F /* LaunchScreen.storyboard */,
				136736621EEAD1E900C3066F /* Info.plist */,
			);
			path = KVAlertView;
			sourceTree = "<group>";
		};
		136736681EEAD24A00C3066F /* AlertView */ = {
			isa = PBXGroup;
			children = (
				139545471EEFD53000D80B6B /* KVAlertView.xib */,
				1367366B1EEAD34300C3066F /* KVAlertView.swift */,
			);
			path = AlertView;
			sourceTree = "<group>";
		};
		13CB4CDF1EEFF7E0001EB1AB /* Frameworks */ = {
			isa = PBXGroup;
			children = (
				13CB4CE01EEFF7E0001EB1AB /* AudioToolbox.framework */,
			);
			name = Frameworks;
			sourceTree = "<group>";
		};
/* End PBXGroup section */

/* Begin PBXNativeTarget section */
		136736521EEAD1E900C3066F /* KVAlertView */ = {
			isa = PBXNativeTarget;
			buildConfigurationList = 136736651EEAD1E900C3066F /* Build configuration list for PBXNativeTarget "KVAlertView" */;
			buildPhases = (
				1367364F1EEAD1E900C3066F /* Sources */,
				136736501EEAD1E900C3066F /* Frameworks */,
				136736511EEAD1E900C3066F /* Resources */,
			);
			buildRules = (
			);
			dependencies = (
			);
			name = KVAlertView;
			productName = KVAlertView;
			productReference = 136736531EEAD1E900C3066F /* KVAlertView.app */;
			productType = "com.apple.product-type.application";
		};
/* End PBXNativeTarget section */

/* Begin PBXProject section */
		1367364B1EEAD1E900C3066F /* Project object */ = {
			isa = PBXProject;
			attributes = {
				LastSwiftUpdateCheck = 0830;
				LastUpgradeCheck = 0830;
				ORGANIZATIONNAME = "Vikash Kumar";
				TargetAttributes = {
					136736521EEAD1E900C3066F = {
						CreatedOnToolsVersion = 8.3.3;
						DevelopmentTeam = RF7N2574KF;
						ProvisioningStyle = Automatic;
					};
				};
			};
			buildConfigurationList = 1367364E1EEAD1E900C3066F /* Build configuration list for PBXProject "KVAlertView" */;
			compatibilityVersion = "Xcode 3.2";
			developmentRegion = English;
			hasScannedForEncodings = 0;
			knownRegions = (
				en,
				Base,
			);
			mainGroup = 1367364A1EEAD1E900C3066F;
			productRefGroup = 136736541EEAD1E900C3066F /* Products */;
			projectDirPath = "";
			projectRoot = "";
			targets = (
				136736521EEAD1E900C3066F /* KVAlertView */,
			);
		};
/* End PBXProject section */

/* Begin PBXResourcesBuildPhase section */
		136736511EEAD1E900C3066F /* Resources */ = {
			isa = PBXResourcesBuildPhase;
			buildActionMask = 2147483647;
			files = (
				139545481EEFD53000D80B6B /* KVAlertView.xib in Resources */,
				136736611EEAD1E900C3066F /* LaunchScreen.storyboard in Resources */,
				1367365E1EEAD1E900C3066F /* Assets.xcassets in Resources */,
				1367365C1EEAD1E900C3066F /* Main.storyboard in Resources */,
			);
			runOnlyForDeploymentPostprocessing = 0;
		};
/* End PBXResourcesBuildPhase section */

/* Begin PBXSourcesBuildPhase section */
		1367364F1EEAD1E900C3066F /* Sources */ = {
			isa = PBXSourcesBuildPhase;
			buildActionMask = 2147483647;
			files = (
				136736591EEAD1E900C3066F /* ViewController.swift in Sources */,
				136736571EEAD1E900C3066F /* AppDelegate.swift in Sources */,
				1367366C1EEAD34300C3066F /* KVAlertView.swift in Sources */,
			);
			runOnlyForDeploymentPostprocessing = 0;
		};
/* End PBXSourcesBuildPhase section */

/* Begin PBXVariantGroup section */
		1367365A1EEAD1E900C3066F /* Main.storyboard */ = {
			isa = PBXVariantGroup;
			children = (
				1367365B1EEAD1E900C3066F /* Base */,
			);
			name = Main.storyboard;
			sourceTree = "<group>";
		};
		1367365F1EEAD1E900C3066F /* LaunchScreen.storyboard */ = {
			isa = PBXVariantGroup;
			children = (
				136736601EEAD1E900C3066F /* Base */,
			);
			name = LaunchScreen.storyboard;
			sourceTree = "<group>";
		};
/* End PBXVariantGroup section */

/* Begin XCBuildConfiguration section */
		136736631EEAD1E900C3066F /* Debug */ = {
			isa = XCBuildConfiguration;
			buildSettings = {
				ALWAYS_SEARCH_USER_PATHS = NO;
				CLANG_ANALYZER_NONNULL = YES;
				CLANG_ANALYZER_NUMBER_OBJECT_CONVERSION = YES_AGGRESSIVE;
				CLANG_CXX_LANGUAGE_STANDARD = "gnu++0x";
				CLANG_CXX_LIBRARY = "libc++";
				CLANG_ENABLE_MODULES = YES;
				CLANG_ENABLE_OBJC_ARC = YES;
				CLANG_WARN_BOOL_CONVERSION = YES;
				CLANG_WARN_CONSTANT_CONVERSION = YES;
				CLANG_WARN_DIRECT_OBJC_ISA_USAGE = YES_ERROR;
				CLANG_WARN_DOCUMENTATION_COMMENTS = YES;
				CLANG_WARN_EMPTY_BODY = YES;
				CLANG_WARN_ENUM_CONVERSION = YES;
				CLANG_WARN_INFINITE_RECURSION = YES;
				CLANG_WARN_INT_CONVERSION = YES;
				CLANG_WARN_OBJC_ROOT_CLASS = YES_ERROR;
				CLANG_WARN_SUSPICIOUS_MOVE = YES;
				CLANG_WARN_UNREACHABLE_CODE = YES;
				CLANG_WARN__DUPLICATE_METHOD_MATCH = YES;
				"CODE_SIGN_IDENTITY[sdk=iphoneos*]" = "iPhone Developer";
				COPY_PHASE_STRIP = NO;
				DEBUG_INFORMATION_FORMAT = dwarf;
				ENABLE_STRICT_OBJC_MSGSEND = YES;
				ENABLE_TESTABILITY = YES;
				GCC_C_LANGUAGE_STANDARD = gnu99;
				GCC_DYNAMIC_NO_PIC = NO;
				GCC_NO_COMMON_BLOCKS = YES;
				GCC_OPTIMIZATION_LEVEL = 0;
				GCC_PREPROCESSOR_DEFINITIONS = (
					"DEBUG=1",
					"$(inherited)",
				);
				GCC_WARN_64_TO_32_BIT_CONVERSION = YES;
				GCC_WARN_ABOUT_RETURN_TYPE = YES_ERROR;
				GCC_WARN_UNDECLARED_SELECTOR = YES;
				GCC_WARN_UNINITIALIZED_AUTOS = YES_AGGRESSIVE;
				GCC_WARN_UNUSED_FUNCTION = YES;
				GCC_WARN_UNUSED_VARIABLE = YES;
				IPHONEOS_DEPLOYMENT_TARGET = 10.3;
				MTL_ENABLE_DEBUG_INFO = YES;
				ONLY_ACTIVE_ARCH = YES;
				SDKROOT = iphoneos;
				SWIFT_ACTIVE_COMPILATION_CONDITIONS = DEBUG;
				SWIFT_OPTIMIZATION_LEVEL = "-Onone";
				TARGETED_DEVICE_FAMILY = "1,2";
			};
			name = Debug;
		};
		136736641EEAD1E900C3066F /* Release */ = {
			isa = XCBuildConfiguration;
			buildSettings = {
				ALWAYS_SEARCH_USER_PATHS = NO;
				CLANG_ANALYZER_NONNULL = YES;
				CLANG_ANALYZER_NUMBER_OBJECT_CONVERSION = YES_AGGRESSIVE;
				CLANG_CXX_LANGUAGE_STANDARD = "gnu++0x";
				CLANG_CXX_LIBRARY = "libc++";
				CLANG_ENABLE_MODULES = YES;
				CLANG_ENABLE_OBJC_ARC = YES;
				CLANG_WARN_BOOL_CONVERSION = YES;
				CLANG_WARN_CONSTANT_CONVERSION = YES;
				CLANG_WARN_DIRECT_OBJC_ISA_USAGE = YES_ERROR;
				CLANG_WARN_DOCUMENTATION_COMMENTS = YES;
				CLANG_WARN_EMPTY_BODY = YES;
				CLANG_WARN_ENUM_CONVERSION = YES;
				CLANG_WARN_INFINITE_RECURSION = YES;
				CLANG_WARN_INT_CONVERSION = YES;
				CLANG_WARN_OBJC_ROOT_CLASS = YES_ERROR;
				CLANG_WARN_SUSPICIOUS_MOVE = YES;
				CLANG_WARN_UNREACHABLE_CODE = YES;
				CLANG_WARN__DUPLICATE_METHOD_MATCH = YES;
				"CODE_SIGN_IDENTITY[sdk=iphoneos*]" = "iPhone Developer";
				COPY_PHASE_STRIP = NO;
				DEBUG_INFORMATION_FORMAT = "dwarf-with-dsym";
				ENABLE_NS_ASSERTIONS = NO;
				ENABLE_STRICT_OBJC_MSGSEND = YES;
				GCC_C_LANGUAGE_STANDARD = gnu99;
				GCC_NO_COMMON_BLOCKS = YES;
				GCC_WARN_64_TO_32_BIT_CONVERSION = YES;
				GCC_WARN_ABOUT_RETURN_TYPE = YES_ERROR;
				GCC_WARN_UNDECLARED_SELECTOR = YES;
				GCC_WARN_UNINITIALIZED_AUTOS = YES_AGGRESSIVE;
				GCC_WARN_UNUSED_FUNCTION = YES;
				GCC_WARN_UNUSED_VARIABLE = YES;
				IPHONEOS_DEPLOYMENT_TARGET = 10.3;
				MTL_ENABLE_DEBUG_INFO = NO;
				SDKROOT = iphoneos;
				SWIFT_OPTIMIZATION_LEVEL = "-Owholemodule";
				TARGETED_DEVICE_FAMILY = "1,2";
				VALIDATE_PRODUCT = YES;
			};
			name = Release;
		};
		136736661EEAD1E900C3066F /* Debug */ = {
			isa = XCBuildConfiguration;
			buildSettings = {
				ASSETCATALOG_COMPILER_APPICON_NAME = AppIcon;
				DEVELOPMENT_TEAM = RF7N2574KF;
				INFOPLIST_FILE = KVAlertView/Info.plist;
				IPHONEOS_DEPLOYMENT_TARGET = 10.0;
				LD_RUNPATH_SEARCH_PATHS = "$(inherited) @executable_path/Frameworks";
				PRODUCT_BUNDLE_IDENTIFIER = smileIndia.KVAlertView;
				PRODUCT_NAME = "$(TARGET_NAME)";
				SWIFT_VERSION = 3.0;
			};
			name = Debug;
		};
		136736671EEAD1E900C3066F /* Release */ = {
			isa = XCBuildConfiguration;
			buildSettings = {
				ASSETCATALOG_COMPILER_APPICON_NAME = AppIcon;
				DEVELOPMENT_TEAM = RF7N2574KF;
				INFOPLIST_FILE = KVAlertView/Info.plist;
				IPHONEOS_DEPLOYMENT_TARGET = 10.0;
				LD_RUNPATH_SEARCH_PATHS = "$(inherited) @executable_path/Frameworks";
				PRODUCT_BUNDLE_IDENTIFIER = smileIndia.KVAlertView;
				PRODUCT_NAME = "$(TARGET_NAME)";
				SWIFT_VERSION = 3.0;
			};
			name = Release;
		};
/* End XCBuildConfiguration section */

/* Begin XCConfigurationList section */
		1367364E1EEAD1E900C3066F /* Build configuration list for PBXProject "KVAlertView" */ = {
			isa = XCConfigurationList;
			buildConfigurations = (
				136736631EEAD1E900C3066F /* Debug */,
				136736641EEAD1E900C3066F /* Release */,
			);
			defaultConfigurationIsVisible = 0;
			defaultConfigurationName = Release;
		};
		136736651EEAD1E900C3066F /* Build configuration list for PBXNativeTarget "KVAlertView" */ = {
			isa = XCConfigurationList;
			buildConfigurations = (
				136736661EEAD1E900C3066F /* Debug */,
				136736671EEAD1E900C3066F /* Release */,
			);
			defaultConfigurationIsVisible = 0;
			defaultConfigurationName = Release;
		};
/* End XCConfigurationList section */
	};
	rootObject = 1367364B1EEAD1E900C3066F /* Project object */;
}
